{
  "name": "actions-hello",
  "version": "1.0.0",
  "lockfileVersion": 2,
  "requires": true,
  "packages": {
    "": {
      "name": "actions-hello",
      "version": "1.0.0",
      "license": "ISC",
      "dependencies": {
        "wretch": "^2.5.1"
      }
    },
    "node_modules/wretch": {
      "version": "2.5.1",
      "resolved": "https://registry.npmjs.org/wretch/-/wretch-2.5.1.tgz",
      "integrity": "sha512-flhLreVaTBrFlgNUkzS0GYwyoqQs85eq9IteWNKt+n3HYCXCr9HLP0iGajbauKol64ucSuLK8rqHKgbmsDeyJA==",
      "engines": {
        "node": ">=14"
      }
    }
  },
  "dependencies": {
    "wretch": {
      "version": "2.5.1",
      "resolved": "https://registry.npmjs.org/wretch/-/wretch-2.5.1.tgz",
      "integrity": "sha512-flhLreVaTBrFlgNUkzS0GYwyoqQs85eq9IteWNKt+n3HYCXCr9HLP0iGajbauKol64ucSuLK8rqHKgbmsDeyJA=="
    }
  }
}
